
Microsoft Visual Studio Solution File, Format Version 12.00
# Visual Studio Version 16
VisualStudioVersion = 16.0.31702.278
MinimumVisualStudioVersion = 10.0.40219.1
Project("{FAE04EC0-301F-11D3-BF4B-00C04F79EFBC}") = "TurIntel_Final", "TurIntel_Final\TurIntel_Final.csproj", "{40191E0E-5192-4EF9-A125-7E75E9C22333}"
EndProject
Project("{FAE04EC0-301F-11D3-BF4B-00C04F79EFBC}") = "TurIntel8", "..\TurIntel8 (3)\TurIntel8\TurIntel8\TurIntel8.csproj", "{47971B93-4878-44A2-AC22-02A0F61B0608}"
EndProject
Global
	GlobalSection(SolutionConfigurationPlatforms) = preSolution
		Debug|Any CPU = Debug|Any CPU
		Release|Any CPU = Release|Any CPU
	EndGlobalSection
	GlobalSection(ProjectConfigurationPlatforms) = postSolution
		{40191E0E-5192-4EF9-A125-7E75E9C22333}.Debug|Any CPU.ActiveCfg = Debug|Any CPU
		{40191E0E-5192-4EF9-A125-7E75E9C22333}.Debug|Any CPU.Build.0 = Debug|Any CPU
		{40191E0E-5192-4EF9-A125-7E75E9C22333}.Release|Any CPU.ActiveCfg = Release|Any CPU
		{40191E0E-5192-4EF9-A125-7E75E9C22333}.Release|Any CPU.Build.0 = Release|Any CPU
		{47971B93-4878-44A2-AC22-02A0F61B0608}.Debug|Any CPU.ActiveCfg = Debug|Any CPU
		{47971B93-4878-44A2-AC22-02A0F61B0608}.Debug|Any CPU.Build.0 = Debug|Any CPU
		{47971B93-4878-44A2-AC22-02A0F61B0608}.Release|Any CPU.ActiveCfg = Release|Any CPU
		{47971B93-4878-44A2-AC22-02A0F61B0608}.Release|Any CPU.Build.0 = Release|Any CPU
	EndGlobalSection
	GlobalSection(SolutionProperties) = preSolution
		HideSolutionNode = FALSE
	EndGlobalSection
	GlobalSection(ExtensibilityGlobals) = postSolution
		SolutionGuid = {30339A13-5FC0-45C8-8EA1-D6C37ADFB9CD}
	EndGlobalSection
EndGlobal
